// !$*UTF8*$!
{
	archiveVersion = 1;
	classes = {
	};
	objectVersion = 46;
	objects = {

/* Begin PBXBuildFile section */
		0D39B7601F01FE7D007E542A /* Helper.m in Sources */ = {isa = PBXBuildFile; fileRef = 0D39B75F1F01FE7D007E542A /* Helper.m */; };
		0DCD70A31EF0C2DE00465EE4 /* main.m in Sources */ = {isa = PBXBuildFile; fileRef = 0DCD70A21EF0C2DE00465EE4 /* main.m */; };
		0DCD70A61EF0C2DE00465EE4 /* AppDelegate.m in Sources */ = {isa = PBXBuildFile; fileRef = 0DCD70A51EF0C2DE00465EE4 /* AppDelegate.m */; };
		0DCD70A91EF0C2DE00465EE4 /* ViewController.m in Sources */ = {isa = PBXBuildFile; fileRef = 0DCD70A81EF0C2DE00465EE4 /* ViewController.m */; };
		0DCD70AC1EF0C2DE00465EE4 /* Main.storyboard in Resources */ = {isa = PBXBuildFile; fileRef = 0DCD70AA1EF0C2DE00465EE4 /* Main.storyboard */; };
		0DCD70AE1EF0C2DE00465EE4 /* Assets.xcassets in Resources */ = {isa = PBXBuildFile; fileRef = 0DCD70AD1EF0C2DE00465EE4 /* Assets.xcassets */; };
		0DCD70B11EF0C2DE00465EE4 /* LaunchScreen.storyboard in Resources */ = {isa = PBXBuildFile; fileRef = 0DCD70AF1EF0C2DE00465EE4 /* LaunchScreen.storyboard */; };
		0DCD70BC1EF0C2DE00465EE4 /* TestTagTests.m in Sources */ = {isa = PBXBuildFile; fileRef = 0DCD70BB1EF0C2DE00465EE4 /* TestTagTests.m */; };
		0DCD70C71EF0C2DE00465EE4 /* TestTagUITests.m in Sources */ = {isa = PBXBuildFile; fileRef = 0DCD70C61EF0C2DE00465EE4 /* TestTagUITests.m */; };
		0DCD70D61EF0C30700465EE4 /* TagCollectionViewCell.m in Sources */ = {isa = PBXBuildFile; fileRef = 0DCD70D51EF0C30700465EE4 /* TagCollectionViewCell.m */; };
		0DCD70F41EF0C34A00465EE4 /* LICENSE in Resources */ = {isa = PBXBuildFile; fileRef = 0DCD70D81EF0C34A00465EE4 /* LICENSE */; };
		0DCD70F51EF0C34A00465EE4 /* MASCompositeConstraint.m in Sources */ = {isa = PBXBuildFile; fileRef = 0DCD70DB1EF0C34A00465EE4 /* MASCompositeConstraint.m */; };
		0DCD70F61EF0C34A00465EE4 /* MASConstraint.m in Sources */ = {isa = PBXBuildFile; fileRef = 0DCD70DE1EF0C34A00465EE4 /* MASConstraint.m */; };
		0DCD70F71EF0C34A00465EE4 /* MASConstraintMaker.m in Sources */ = {isa = PBXBuildFile; fileRef = 0DCD70E01EF0C34A00465EE4 /* MASConstraintMaker.m */; };
		0DCD70F81EF0C34A00465EE4 /* MASLayoutConstraint.m in Sources */ = {isa = PBXBuildFile; fileRef = 0DCD70E21EF0C34A00465EE4 /* MASLayoutConstraint.m */; };
		0DCD70F91EF0C34A00465EE4 /* MASViewAttribute.m in Sources */ = {isa = PBXBuildFile; fileRef = 0DCD70E61EF0C34A00465EE4 /* MASViewAttribute.m */; };
		0DCD70FA1EF0C34A00465EE4 /* MASViewConstraint.m in Sources */ = {isa = PBXBuildFile; fileRef = 0DCD70E81EF0C34A00465EE4 /* MASViewConstraint.m */; };
		0DCD70FB1EF0C34A00465EE4 /* NSArray+MASAdditions.m in Sources */ = {isa = PBXBuildFile; fileRef = 0DCD70EA1EF0C34A00465EE4 /* NSArray+MASAdditions.m */; };
		0DCD70FC1EF0C34A00465EE4 /* NSLayoutConstraint+MASDebugAdditions.m in Sources */ = {isa = PBXBuildFile; fileRef = 0DCD70ED1EF0C34A00465EE4 /* NSLayoutConstraint+MASDebugAdditions.m */; };
		0DCD70FD1EF0C34A00465EE4 /* View+MASAdditions.m in Sources */ = {isa = PBXBuildFile; fileRef = 0DCD70EF1EF0C34A00465EE4 /* View+MASAdditions.m */; };
		0DCD70FE1EF0C34A00465EE4 /* ViewController+MASAdditions.m in Sources */ = {isa = PBXBuildFile; fileRef = 0DCD70F21EF0C34A00465EE4 /* ViewController+MASAdditions.m */; };
		0DCD70FF1EF0C34A00465EE4 /* README.md in Sources */ = {isa = PBXBuildFile; fileRef = 0DCD70F31EF0C34A00465EE4 /* README.md */; };
		0DCD71031EF0C9E200465EE4 /* Model.m in Sources */ = {isa = PBXBuildFile; fileRef = 0DCD71021EF0C9E200465EE4 /* Model.m */; };
		0DFD33A51EF76A30004FDB34 /* FirstViewController.m in Sources */ = {isa = PBXBuildFile; fileRef = 0DFD33A41EF76A30004FDB34 /* FirstViewController.m */; };
/* End PBXBuildFile section */

/* Begin PBXContainerItemProxy section */
		0DCD70B81EF0C2DE00465EE4 /* PBXContainerItemProxy */ = {
			isa = PBXContainerItemProxy;
			containerPortal = 0DCD70961EF0C2DE00465EE4 /* Project object */;
			proxyType = 1;
			remoteGlobalIDString = 0DCD709D1EF0C2DE00465EE4;
			remoteInfo = TestTag;
		};
		0DCD70C31EF0C2DE00465EE4 /* PBXContainerItemProxy */ = {
			isa = PBXContainerItemProxy;
			containerPortal = 0DCD70961EF0C2DE00465EE4 /* Project object */;
			proxyType = 1;
			remoteGlobalIDString = 0DCD709D1EF0C2DE00465EE4;
			remoteInfo = TestTag;
		};
/* End PBXContainerItemProxy section */

/* Begin PBXFileReference section */
		0D39B75E1F01FE7D007E542A /* Helper.h */ = {isa = PBXFileReference; fileEncoding = 4; lastKnownFileType = sourcecode.c.h; path = Helper.h; sourceTree = "<group>"; };
		0D39B75F1F01FE7D007E542A /* Helper.m */ = {isa = PBXFileReference; fileEncoding = 4; lastKnownFileType = sourcecode.c.objc; path = Helper.m; sourceTree = "<group>"; };
		0DCD709E1EF0C2DE00465EE4 /* TestTag.app */ = {isa = PBXFileReference; explicitFileType = wrapper.application; includeInIndex = 0; path = TestTag.app; sourceTree = BUILT_PRODUCTS_DIR; };
		0DCD70A21EF0C2DE00465EE4 /* main.m */ = {isa = PBXFileReference; lastKnownFileType = sourcecode.c.objc; path = main.m; sourceTree = "<group>"; };
		0DCD70A41EF0C2DE00465EE4 /* AppDelegate.h */ = {isa = PBXFileReference; lastKnownFileType = sourcecode.c.h; path = AppDelegate.h; sourceTree = "<group>"; };
		0DCD70A51EF0C2DE00465EE4 /* AppDelegate.m */ = {isa = PBXFileReference; lastKnownFileType = sourcecode.c.objc; path = AppDelegate.m; sourceTree = "<group>"; };
		0DCD70A71EF0C2DE00465EE4 /* ViewController.h */ = {isa = PBXFileReference; lastKnownFileType = sourcecode.c.h; path = ViewController.h; sourceTree = "<group>"; };
		0DCD70A81EF0C2DE00465EE4 /* ViewController.m */ = {isa = PBXFileReference; lastKnownFileType = sourcecode.c.objc; path = ViewController.m; sourceTree = "<group>"; };
		0DCD70AB1EF0C2DE00465EE4 /* Base */ = {isa = PBXFileReference; lastKnownFileType = file.storyboard; name = Base; path = Base.lproj/Main.storyboard; sourceTree = "<group>"; };
		0DCD70AD1EF0C2DE00465EE4 /* Assets.xcassets */ = {isa = PBXFileReference; lastKnownFileType = folder.assetcatalog; path = Assets.xcassets; sourceTree = "<group>"; };
		0DCD70B01EF0C2DE00465EE4 /* Base */ = {isa = PBXFileReference; lastKnownFileType = file.storyboard; name = Base; path = Base.lproj/LaunchScreen.storyboard; sourceTree = "<group>"; };
		0DCD70B21EF0C2DE00465EE4 /* Info.plist */ = {isa = PBXFileReference; lastKnownFileType = text.plist.xml; path = Info.plist; sourceTree = "<group>"; };
		0DCD70B71EF0C2DE00465EE4 /* TestTagTests.xctest */ = {isa = PBXFileReference; explicitFileType = wrapper.cfbundle; includeInIndex = 0; path = TestTagTests.xctest; sourceTree = BUILT_PRODUCTS_DIR; };
		0DCD70BB1EF0C2DE00465EE4 /* TestTagTests.m */ = {isa = PBXFileReference; lastKnownFileType = sourcecode.c.objc; path = TestTagTests.m; sourceTree = "<group>"; };
		0DCD70BD1EF0C2DE00465EE4 /* Info.plist */ = {isa = PBXFileReference; lastKnownFileType = text.plist.xml; path = Info.plist; sourceTree = "<group>"; };
		0DCD70C21EF0C2DE00465EE4 /* TestTagUITests.xctest */ = {isa = PBXFileReference; explicitFileType = wrapper.cfbundle; includeInIndex = 0; path = TestTagUITests.xctest; sourceTree = BUILT_PRODUCTS_DIR; };
		0DCD70C61EF0C2DE00465EE4 /* TestTagUITests.m */ = {isa = PBXFileReference; lastKnownFileType = sourcecode.c.objc; path = TestTagUITests.m; sourceTree = "<group>"; };
		0DCD70C81EF0C2DE00465EE4 /* Info.plist */ = {isa = PBXFileReference; lastKnownFileType = text.plist.xml; path = Info.plist; sourceTree = "<group>"; };
		0DCD70D41EF0C30700465EE4 /* TagCollectionViewCell.h */ = {isa = PBXFileReference; fileEncoding = 4; lastKnownFileType = sourcecode.c.h; path = TagCollectionViewCell.h; sourceTree = "<group>"; };
		0DCD70D51EF0C30700465EE4 /* TagCollectionViewCell.m */ = {isa = PBXFileReference; fileEncoding = 4; lastKnownFileType = sourcecode.c.objc; path = TagCollectionViewCell.m; sourceTree = "<group>"; };
		0DCD70D81EF0C34A00465EE4 /* LICENSE */ = {isa = PBXFileReference; fileEncoding = 4; lastKnownFileType = text; path = LICENSE; sourceTree = "<group>"; };
		0DCD70DA1EF0C34A00465EE4 /* MASCompositeConstraint.h */ = {isa = PBXFileReference; fileEncoding = 4; lastKnownFileType = sourcecode.c.h; path = MASCompositeConstraint.h; sourceTree = "<group>"; };
		0DCD70DB1EF0C34A00465EE4 /* MASCompositeConstraint.m */ = {isa = PBXFileReference; fileEncoding = 4; lastKnownFileType = sourcecode.c.objc; path = MASCompositeConstraint.m; sourceTree = "<group>"; };
		0DCD70DC1EF0C34A00465EE4 /* MASConstraint+Private.h */ = {isa = PBXFileReference; fileEncoding = 4; lastKnownFileType = sourcecode.c.h; path = "MASConstraint+Private.h"; sourceTree = "<group>"; };
		0DCD70DD1EF0C34A00465EE4 /* MASConstraint.h */ = {isa = PBXFileReference; fileEncoding = 4; lastKnownFileType = sourcecode.c.h; path = MASConstraint.h; sourceTree = "<group>"; };
		0DCD70DE1EF0C34A00465EE4 /* MASConstraint.m */ = {isa = PBXFileReference; fileEncoding = 4; lastKnownFileType = sourcecode.c.objc; path = MASConstraint.m; sourceTree = "<group>"; };
		0DCD70DF1EF0C34A00465EE4 /* MASConstraintMaker.h */ = {isa = PBXFileReference; fileEncoding = 4; lastKnownFileType = sourcecode.c.h; path = MASConstraintMaker.h; sourceTree = "<group>"; };
		0DCD70E01EF0C34A00465EE4 /* MASConstraintMaker.m */ = {isa = PBXFileReference; fileEncoding = 4; lastKnownFileType = sourcecode.c.objc; path = MASConstraintMaker.m; sourceTree = "<group>"; };
		0DCD70E11EF0C34A00465EE4 /* MASLayoutConstraint.h */ = {isa = PBXFileReference; fileEncoding = 4; lastKnownFileType = sourcecode.c.h; path = MASLayoutConstraint.h; sourceTree = "<group>"; };
		0DCD70E21EF0C34A00465EE4 /* MASLayoutConstraint.m */ = {isa = PBXFileReference; fileEncoding = 4; lastKnownFileType = sourcecode.c.objc; path = MASLayoutConstraint.m; sourceTree = "<group>"; };
		0DCD70E31EF0C34A00465EE4 /* Masonry.h */ = {isa = PBXFileReference; fileEncoding = 4; lastKnownFileType = sourcecode.c.h; path = Masonry.h; sourceTree = "<group>"; };
		0DCD70E41EF0C34A00465EE4 /* MASUtilities.h */ = {isa = PBXFileReference; fileEncoding = 4; lastKnownFileType = sourcecode.c.h; path = MASUtilities.h; sourceTree = "<group>"; };
		0DCD70E51EF0C34A00465EE4 /* MASViewAttribute.h */ = {isa = PBXFileReference; fileEncoding = 4; lastKnownFileType = sourcecode.c.h; path = MASViewAttribute.h; sourceTree = "<group>"; };
		0DCD70E61EF0C34A00465EE4 /* MASViewAttribute.m */ = {isa = PBXFileReference; fileEncoding = 4; lastKnownFileType = sourcecode.c.objc; path = MASViewAttribute.m; sourceTree = "<group>"; };
		0DCD70E71EF0C34A00465EE4 /* MASViewConstraint.h */ = {isa = PBXFileReference; fileEncoding = 4; lastKnownFileType = sourcecode.c.h; path = MASViewConstraint.h; sourceTree = "<group>"; };
		0DCD70E81EF0C34A00465EE4 /* MASViewConstraint.m */ = {isa = PBXFileReference; fileEncoding = 4; lastKnownFileType = sourcecode.c.objc; path = MASViewConstraint.m; sourceTree = "<group>"; };
		0DCD70E91EF0C34A00465EE4 /* NSArray+MASAdditions.h */ = {isa = PBXFileReference; fileEncoding = 4; lastKnownFileType = sourcecode.c.h; path = "NSArray+MASAdditions.h"; sourceTree = "<group>"; };
		0DCD70EA1EF0C34A00465EE4 /* NSArray+MASAdditions.m */ = {isa = PBXFileReference; fileEncoding = 4; lastKnownFileType = sourcecode.c.objc; path = "NSArray+MASAdditions.m"; sourceTree = "<group>"; };
		0DCD70EB1EF0C34A00465EE4 /* NSArray+MASShorthandAdditions.h */ = {isa = PBXFileReference; fileEncoding = 4; lastKnownFileType = sourcecode.c.h; path = "NSArray+MASShorthandAdditions.h"; sourceTree = "<group>"; };
		0DCD70EC1EF0C34A00465EE4 /* NSLayoutConstraint+MASDebugAdditions.h */ = {isa = PBXFileReference; fileEncoding = 4; lastKnownFileType = sourcecode.c.h; path = "NSLayoutConstraint+MASDebugAdditions.h"; sourceTree = "<group>"; };
		0DCD70ED1EF0C34A00465EE4 /* NSLayoutConstraint+MASDebugAdditions.m */ = {isa = PBXFileReference; fileEncoding = 4; lastKnownFileType = sourcecode.c.objc; path = "NSLayoutConstraint+MASDebugAdditions.m"; sourceTree = "<group>"; };
		0DCD70EE1EF0C34A00465EE4 /* View+MASAdditions.h */ = {isa = PBXFileReference; fileEncoding = 4; lastKnownFileType = sourcecode.c.h; path = "View+MASAdditions.h"; sourceTree = "<group>"; };
		0DCD70EF1EF0C34A00465EE4 /* View+MASAdditions.m */ = {isa = PBXFileReference; fileEncoding = 4; lastKnownFileType = sourcecode.c.objc; path = "View+MASAdditions.m"; sourceTree = "<group>"; };
		0DCD70F01EF0C34A00465EE4 /* View+MASShorthandAdditions.h */ = {isa = PBXFileReference; fileEncoding = 4; lastKnownFileType = sourcecode.c.h; path = "View+MASShorthandAdditions.h"; sourceTree = "<group>"; };
		0DCD70F11EF0C34A00465EE4 /* ViewController+MASAdditions.h */ = {isa = PBXFileReference; fileEncoding = 4; lastKnownFileType = sourcecode.c.h; path = "ViewController+MASAdditions.h"; sourceTree = "<group>"; };
		0DCD70F21EF0C34A00465EE4 /* ViewController+MASAdditions.m */ = {isa = PBXFileReference; fileEncoding = 4; lastKnownFileType = sourcecode.c.objc; path = "ViewController+MASAdditions.m"; sourceTree = "<group>"; };
		0DCD70F31EF0C34A00465EE4 /* README.md */ = {isa = PBXFileReference; fileEncoding = 4; lastKnownFileType = net.daringfireball.markdown; path = README.md; sourceTree = "<group>"; };
		0DCD71001EF0C38800465EE4 /* CBCommon.h */ = {isa = PBXFileReference; lastKnownFileType = sourcecode.c.h; path = CBCommon.h; sourceTree = "<group>"; };
		0DCD71011EF0C9E200465EE4 /* Model.h */ = {isa = PBXFileReference; fileEncoding = 4; lastKnownFileType = sourcecode.c.h; path = Model.h; sourceTree = "<group>"; };
		0DCD71021EF0C9E200465EE4 /* Model.m */ = {isa = PBXFileReference; fileEncoding = 4; lastKnownFileType = sourcecode.c.objc; path = Model.m; sourceTree = "<group>"; };
		0DFD33A31EF76A30004FDB34 /* FirstViewController.h */ = {isa = PBXFileReference; fileEncoding = 4; lastKnownFileType = sourcecode.c.h; path = FirstViewController.h; sourceTree = "<group>"; };
		0DFD33A41EF76A30004FDB34 /* FirstViewController.m */ = {isa = PBXFileReference; fileEncoding = 4; lastKnownFileType = sourcecode.c.objc; path = FirstViewController.m; sourceTree = "<group>"; };
/* End PBXFileReference section */

/* Begin PBXFrameworksBuildPhase section */
		0DCD709B1EF0C2DE00465EE4 /* Frameworks */ = {
			isa = PBXFrameworksBuildPhase;
			buildActionMask = 2147483647;
			files = (
			);
			runOnlyForDeploymentPostprocessing = 0;
		};
		0DCD70B41EF0C2DE00465EE4 /* Frameworks */ = {
			isa = PBXFrameworksBuildPhase;
			buildActionMask = 2147483647;
			files = (
			);
			runOnlyForDeploymentPostprocessing = 0;
		};
		0DCD70BF1EF0C2DE00465EE4 /* Frameworks */ = {
			isa = PBXFrameworksBuildPhase;
			buildActionMask = 2147483647;
			files = (
			);
			runOnlyForDeploymentPostprocessing = 0;
		};
/* End PBXFrameworksBuildPhase section */

/* Begin PBXGroup section */
		0DCD70951EF0C2DE00465EE4 = {
			isa = PBXGroup;
			children = (
				0DCD70A01EF0C2DE00465EE4 /* TestTag */,
				0DCD70BA1EF0C2DE00465EE4 /* TestTagTests */,
				0DCD70C51EF0C2DE00465EE4 /* TestTagUITests */,
				0DCD709F1EF0C2DE00465EE4 /* Products */,
			);
			sourceTree = "<group>";
		};
		0DCD709F1EF0C2DE00465EE4 /* Products */ = {
			isa = PBXGroup;
			children = (
				0DCD709E1EF0C2DE00465EE4 /* TestTag.app */,
				0DCD70B71EF0C2DE00465EE4 /* TestTagTests.xctest */,
				0DCD70C21EF0C2DE00465EE4 /* TestTagUITests.xctest */,
			);
			name = Products;
			sourceTree = "<group>";
		};
		0DCD70A01EF0C2DE00465EE4 /* TestTag */ = {
			isa = PBXGroup;
			children = (
				0DCD71001EF0C38800465EE4 /* CBCommon.h */,
				0DCD70D71EF0C34A00465EE4 /* Masonry */,
				0DCD70A41EF0C2DE00465EE4 /* AppDelegate.h */,
				0DCD70A51EF0C2DE00465EE4 /* AppDelegate.m */,
				0DCD70A71EF0C2DE00465EE4 /* ViewController.h */,
				0DCD70A81EF0C2DE00465EE4 /* ViewController.m */,
				0DCD70D41EF0C30700465EE4 /* TagCollectionViewCell.h */,
				0DCD70D51EF0C30700465EE4 /* TagCollectionViewCell.m */,
				0DCD71011EF0C9E200465EE4 /* Model.h */,
				0DCD71021EF0C9E200465EE4 /* Model.m */,
				0DCD70AA1EF0C2DE00465EE4 /* Main.storyboard */,
				0DCD70AD1EF0C2DE00465EE4 /* Assets.xcassets */,
				0DCD70AF1EF0C2DE00465EE4 /* LaunchScreen.storyboard */,
				0DCD70B21EF0C2DE00465EE4 /* Info.plist */,
				0DCD70A11EF0C2DE00465EE4 /* Supporting Files */,
				0DFD33A31EF76A30004FDB34 /* FirstViewController.h */,
				0DFD33A41EF76A30004FDB34 /* FirstViewController.m */,
				0D39B75E1F01FE7D007E542A /* Helper.h */,
				0D39B75F1F01FE7D007E542A /* Helper.m */,
			);
			path = TestTag;
			sourceTree = "<group>";
		};
		0DCD70A11EF0C2DE00465EE4 /* Supporting Files */ = {
			isa = PBXGroup;
			children = (
				0DCD70A21EF0C2DE00465EE4 /* main.m */,
			);
			name = "Supporting Files";
			sourceTree = "<group>";
		};
		0DCD70BA1EF0C2DE00465EE4 /* TestTagTests */ = {
			isa = PBXGroup;
			children = (
				0DCD70BB1EF0C2DE00465EE4 /* TestTagTests.m */,
				0DCD70BD1EF0C2DE00465EE4 /* Info.plist */,
			);
			path = TestTagTests;
			sourceTree = "<group>";
		};
		0DCD70C51EF0C2DE00465EE4 /* TestTagUITests */ = {
			isa = PBXGroup;
			children = (
				0DCD70C61EF0C2DE00465EE4 /* TestTagUITests.m */,
				0DCD70C81EF0C2DE00465EE4 /* Info.plist */,
			);
			path = TestTagUITests;
			sourceTree = "<group>";
		};
		0DCD70D71EF0C34A00465EE4 /* Masonry */ = {
			isa = PBXGroup;
			children = (
				0DCD70D81EF0C34A00465EE4 /* LICENSE */,
				0DCD70D91EF0C34A00465EE4 /* Masonry */,
				0DCD70F31EF0C34A00465EE4 /* README.md */,
			);
			path = Masonry;
			sourceTree = "<group>";
		};
		0DCD70D91EF0C34A00465EE4 /* Masonry */ = {
			isa = PBXGroup;
			children = (
				0DCD70DA1EF0C34A00465EE4 /* MASCompositeConstraint.h */,
				0DCD70DB1EF0C34A00465EE4 /* MASCompositeConstraint.m */,
				0DCD70DC1EF0C34A00465EE4 /* MASConstraint+Private.h */,
				0DCD70DD1EF0C34A00465EE4 /* MASConstraint.h */,
				0DCD70DE1EF0C34A00465EE4 /* MASConstraint.m */,
				0DCD70DF1EF0C34A00465EE4 /* MASConstraintMaker.h */,
				0DCD70E01EF0C34A00465EE4 /* MASConstraintMaker.m */,
				0DCD70E11EF0C34A00465EE4 /* MASLayoutConstraint.h */,
				0DCD70E21EF0C34A00465EE4 /* MASLayoutConstraint.m */,
				0DCD70E31EF0C34A00465EE4 /* Masonry.h */,
				0DCD70E41EF0C34A00465EE4 /* MASUtilities.h */,
				0DCD70E51EF0C34A00465EE4 /* MASViewAttribute.h */,
				0DCD70E61EF0C34A00465EE4 /* MASViewAttribute.m */,
				0DCD70E71EF0C34A00465EE4 /* MASViewConstraint.h */,
				0DCD70E81EF0C34A00465EE4 /* MASViewConstraint.m */,
				0DCD70E91EF0C34A00465EE4 /* NSArray+MASAdditions.h */,
				0DCD70EA1EF0C34A00465EE4 /* NSArray+MASAdditions.m */,
				0DCD70EB1EF0C34A00465EE4 /* NSArray+MASShorthandAdditions.h */,
				0DCD70EC1EF0C34A00465EE4 /* NSLayoutConstraint+MASDebugAdditions.h */,
				0DCD70ED1EF0C34A00465EE4 /* NSLayoutConstraint+MASDebugAdditions.m */,
				0DCD70EE1EF0C34A00465EE4 /* View+MASAdditions.h */,
				0DCD70EF1EF0C34A00465EE4 /* View+MASAdditions.m */,
				0DCD70F01EF0C34A00465EE4 /* View+MASShorthandAdditions.h */,
				0DCD70F11EF0C34A00465EE4 /* ViewController+MASAdditions.h */,
				0DCD70F21EF0C34A00465EE4 /* ViewController+MASAdditions.m */,
			);
			path = Masonry;
			sourceTree = "<group>";
		};
/* End PBXGroup section */

/* Begin PBXNativeTarget section */
		0DCD709D1EF0C2DE00465EE4 /* TestTag */ = {
			isa = PBXNativeTarget;
			buildConfigurationList = 0DCD70CB1EF0C2DE00465EE4 /* Build configuration list for PBXNativeTarget "TestTag" */;
			buildPhases = (
				0DCD709A1EF0C2DE00465EE4 /* Sources */,
				0DCD709B1EF0C2DE00465EE4 /* Frameworks */,
				0DCD709C1EF0C2DE00465EE4 /* Resources */,
			);
			buildRules = (
			);
			dependencies = (
			);
			name = TestTag;
			productName = TestTag;
			productReference = 0DCD709E1EF0C2DE00465EE4 /* TestTag.app */;
			productType = "com.apple.product-type.application";
		};
		0DCD70B61EF0C2DE00465EE4 /* TestTagTests */ = {
			isa = PBXNativeTarget;
			buildConfigurationList = 0DCD70CE1EF0C2DE00465EE4 /* Build configuration list for PBXNativeTarget "TestTagTests" */;
			buildPhases = (
				0DCD70B31EF0C2DE00465EE4 /* Sources */,
				0DCD70B41EF0C2DE00465EE4 /* Frameworks */,
				0DCD70B51EF0C2DE00465EE4 /* Resources */,
			);
			buildRules = (
			);
			dependencies = (
				0DCD70B91EF0C2DE00465EE4 /* PBXTargetDependency */,
			);
			name = TestTagTests;
			productName = TestTagTests;
			productReference = 0DCD70B71EF0C2DE00465EE4 /* TestTagTests.xctest */;
			productType = "com.apple.product-type.bundle.unit-test";
		};
		0DCD70C11EF0C2DE00465EE4 /* TestTagUITests */ = {
			isa = PBXNativeTarget;
			buildConfigurationList = 0DCD70D11EF0C2DE00465EE4 /* Build configuration list for PBXNativeTarget "TestTagUITests" */;
			buildPhases = (
				0DCD70BE1EF0C2DE00465EE4 /* Sources */,
				0DCD70BF1EF0C2DE00465EE4 /* Frameworks */,
				0DCD70C01EF0C2DE00465EE4 /* Resources */,
			);
			buildRules = (
			);
			dependencies = (
				0DCD70C41EF0C2DE00465EE4 /* PBXTargetDependency */,
			);
			name = TestTagUITests;
			productName = TestTagUITests;
			productReference = 0DCD70C21EF0C2DE00465EE4 /* TestTagUITests.xctest */;
			productType = "com.apple.product-type.bundle.ui-testing";
		};
/* End PBXNativeTarget section */

/* Begin PBXProject section */
		0DCD70961EF0C2DE00465EE4 /* Project object */ = {
			isa = PBXProject;
			attributes = {
				LastUpgradeCheck = 0830;
				ORGANIZATIONNAME = "月月";
				TargetAttributes = {
					0DCD709D1EF0C2DE00465EE4 = {
						CreatedOnToolsVersion = 8.3.2;
						DevelopmentTeam = QH4TTR4YZE;
						ProvisioningStyle = Automatic;
					};
					0DCD70B61EF0C2DE00465EE4 = {
						CreatedOnToolsVersion = 8.3.2;
						DevelopmentTeam = 9F24JF9PY6;
						ProvisioningStyle = Automatic;
						TestTargetID = 0DCD709D1EF0C2DE00465EE4;
					};
					0DCD70C11EF0C2DE00465EE4 = {
						CreatedOnToolsVersion = 8.3.2;
						DevelopmentTeam = 9F24JF9PY6;
						ProvisioningStyle = Automatic;
						TestTargetID = 0DCD709D1EF0C2DE00465EE4;
					};
				};
			};
			buildConfigurationList = 0DCD70991EF0C2DE00465EE4 /* Build configuration list for PBXProject "TestTag" */;
			compatibilityVersion = "Xcode 3.2";
			developmentRegion = English;
			hasScannedForEncodings = 0;
			knownRegions = (
				en,
				Base,
			);
			mainGroup = 0DCD70951EF0C2DE00465EE4;
			productRefGroup = 0DCD709F1EF0C2DE00465EE4 /* Products */;
			projectDirPath = "";
			projectRoot = "";
			targets = (
				0DCD709D1EF0C2DE00465EE4 /* TestTag */,
				0DCD70B61EF0C2DE00465EE4 /* TestTagTests */,
				0DCD70C11EF0C2DE00465EE4 /* TestTagUITests */,
			);
		};
/* End PBXProject section */

/* Begin PBXResourcesBuildPhase section */
		0DCD709C1EF0C2DE00465EE4 /* Resources */ = {
			isa = PBXResourcesBuildPhase;
			buildActionMask = 2147483647;
			files = (
				0DCD70B11EF0C2DE00465EE4 /* LaunchScreen.storyboard in Resources */,
				0DCD70AE1EF0C2DE00465EE4 /* Assets.xcassets in Resources */,
				0DCD70F41EF0C34A00465EE4 /* LICENSE in Resources */,
				0DCD70AC1EF0C2DE00465EE4 /* Main.storyboard in Resources */,
			);
			runOnlyForDeploymentPostprocessing = 0;
		};
		0DCD70B51EF0C2DE00465EE4 /* Resources */ = {
			isa = PBXResourcesBuildPhase;
			buildActionMask = 2147483647;
			files = (
			);
			runOnlyForDeploymentPostprocessing = 0;
		};
		0DCD70C01EF0C2DE00465EE4 /* Resources */ = {
			isa = PBXResourcesBuildPhase;
			buildActionMask = 2147483647;
			files = (
			);
			runOnlyForDeploymentPostprocessing = 0;
		};
/* End PBXResourcesBuildPhase section */

/* Begin PBXSourcesBuildPhase section */
		0DCD709A1EF0C2DE00465EE4 /* Sources */ = {
			isa = PBXSourcesBuildPhase;
			buildActionMask = 2147483647;
			files = (
				0DCD70F71EF0C34A00465EE4 /* MASConstraintMaker.m in Sources */,
				0DCD70A91EF0C2DE00465EE4 /* ViewController.m in Sources */,
				0DCD70D61EF0C30700465EE4 /* TagCollectionViewCell.m in Sources */,
				0DCD71031EF0C9E200465EE4 /* Model.m in Sources */,
				0DCD70F61EF0C34A00465EE4 /* MASConstraint.m in Sources */,
				0DCD70FE1EF0C34A00465EE4 /* ViewController+MASAdditions.m in Sources */,
				0DCD70F81EF0C34A00465EE4 /* MASLayoutConstraint.m in Sources */,
				0D39B7601F01FE7D007E542A /* Helper.m in Sources */,
				0DCD70FB1EF0C34A00465EE4 /* NSArray+MASAdditions.m in Sources */,
				0DCD70FA1EF0C34A00465EE4 /* MASViewConstraint.m in Sources */,
				0DCD70F91EF0C34A00465EE4 /* MASViewAttribute.m in Sources */,
				0DCD70FD1EF0C34A00465EE4 /* View+MASAdditions.m in Sources */,
				0DCD70A61EF0C2DE00465EE4 /* AppDelegate.m in Sources */,
				0DFD33A51EF76A30004FDB34 /* FirstViewController.m in Sources */,
				0DCD70A31EF0C2DE00465EE4 /* main.m in Sources */,
				0DCD70FF1EF0C34A00465EE4 /* README.md in Sources */,
				0DCD70F51EF0C34A00465EE4 /* MASCompositeConstraint.m in Sources */,
				0DCD70FC1EF0C34A00465EE4 /* NSLayoutConstraint+MASDebugAdditions.m in Sources */,
			);
			runOnlyForDeploymentPostprocessing = 0;
		};
		0DCD70B31EF0C2DE00465EE4 /* Sources */ = {
			isa = PBXSourcesBuildPhase;
			buildActionMask = 2147483647;
			files = (
				0DCD70BC1EF0C2DE00465EE4 /* TestTagTests.m in Sources */,
			);
			runOnlyForDeploymentPostprocessing = 0;
		};
		0DCD70BE1EF0C2DE00465EE4 /* Sources */ = {
			isa = PBXSourcesBuildPhase;
			buildActionMask = 2147483647;
			files = (
				0DCD70C71EF0C2DE00465EE4 /* TestTagUITests.m in Sources */,
			);
			runOnlyForDeploymentPostprocessing = 0;
		};
/* End PBXSourcesBuildPhase section */

/* Begin PBXTargetDependency section */
		0DCD70B91EF0C2DE00465EE4 /* PBXTargetDependency */ = {
			isa = PBXTargetDependency;
			target = 0DCD709D1EF0C2DE00465EE4 /* TestTag */;
			targetProxy = 0DCD70B81EF0C2DE00465EE4 /* PBXContainerItemProxy */;
		};
		0DCD70C41EF0C2DE00465EE4 /* PBXTargetDependency */ = {
			isa = PBXTargetDependency;
			target = 0DCD709D1EF0C2DE00465EE4 /* TestTag */;
			targetProxy = 0DCD70C31EF0C2DE00465EE4 /* PBXContainerItemProxy */;
		};
/* End PBXTargetDependency section */

/* Begin PBXVariantGroup section */
		0DCD70AA1EF0C2DE00465EE4 /* Main.storyboard */ = {
			isa = PBXVariantGroup;
			children = (
				0DCD70AB1EF0C2DE00465EE4 /* Base */,
			);
			name = Main.storyboard;
			sourceTree = "<group>";
		};
		0DCD70AF1EF0C2DE00465EE4 /* LaunchScreen.storyboard */ = {
			isa = PBXVariantGroup;
			children = (
				0DCD70B01EF0C2DE00465EE4 /* Base */,
			);
			name = LaunchScreen.storyboard;
			sourceTree = "<group>";
		};
/* End PBXVariantGroup section */

/* Begin XCBuildConfiguration section */
		0DCD70C91EF0C2DE00465EE4 /* Debug */ = {
			isa = XCBuildConfiguration;
			buildSettings = {
				ALWAYS_SEARCH_USER_PATHS = NO;
				CLANG_ANALYZER_NONNULL = YES;
				CLANG_ANALYZER_NUMBER_OBJECT_CONVERSION = YES_AGGRESSIVE;
				CLANG_CXX_LANGUAGE_STANDARD = "gnu++0x";
				CLANG_CXX_LIBRARY = "libc++";
				CLANG_ENABLE_MODULES = YES;
				CLANG_ENABLE_OBJC_ARC = YES;
				CLANG_WARN_BOOL_CONVERSION = YES;
				CLANG_WARN_CONSTANT_CONVERSION = YES;
				CLANG_WARN_DIRECT_OBJC_ISA_USAGE = YES_ERROR;
				CLANG_WARN_DOCUMENTATION_COMMENTS = YES;
				CLANG_WARN_EMPTY_BODY = YES;
				CLANG_WARN_ENUM_CONVERSION = YES;
				CLANG_WARN_INFINITE_RECURSION = YES;
				CLANG_WARN_INT_CONVERSION = YES;
				CLANG_WARN_OBJC_ROOT_CLASS = YES_ERROR;
				CLANG_WARN_SUSPICIOUS_MOVE = YES;
				CLANG_WARN_UNREACHABLE_CODE = YES;
				CLANG_WARN__DUPLICATE_METHOD_MATCH = YES;
				"CODE_SIGN_IDENTITY[sdk=iphoneos*]" = "iPhone Developer";
				COPY_PHASE_STRIP = NO;
				DEBUG_INFORMATION_FORMAT = dwarf;
				ENABLE_STRICT_OBJC_MSGSEND = YES;
				ENABLE_TESTABILITY = YES;
				GCC_C_LANGUAGE_STANDARD = gnu99;
				GCC_DYNAMIC_NO_PIC = NO;
				GCC_NO_COMMON_BLOCKS = YES;
				GCC_OPTIMIZATION_LEVEL = 0;
				GCC_PREPROCESSOR_DEFINITIONS = (
					"DEBUG=1",
					"$(inherited)",
				);
				GCC_WARN_64_TO_32_BIT_CONVERSION = YES;
				GCC_WARN_ABOUT_RETURN_TYPE = YES_ERROR;
				GCC_WARN_UNDECLARED_SELECTOR = YES;
				GCC_WARN_UNINITIALIZED_AUTOS = YES_AGGRESSIVE;
				GCC_WARN_UNUSED_FUNCTION = YES;
				GCC_WARN_UNUSED_VARIABLE = YES;
				IPHONEOS_DEPLOYMENT_TARGET = 10.3;
				MTL_ENABLE_DEBUG_INFO = YES;
				ONLY_ACTIVE_ARCH = YES;
				SDKROOT = iphoneos;
			};
			name = Debug;
		};
		0DCD70CA1EF0C2DE00465EE4 /* Release */ = {
			isa = XCBuildConfiguration;
			buildSettings = {
				ALWAYS_SEARCH_USER_PATHS = NO;
				CLANG_ANALYZER_NONNULL = YES;
				CLANG_ANALYZER_NUMBER_OBJECT_CONVERSION = YES_AGGRESSIVE;
				CLANG_CXX_LANGUAGE_STANDARD = "gnu++0x";
				CLANG_CXX_LIBRARY = "libc++";
				CLANG_ENABLE_MODULES = YES;
				CLANG_ENABLE_OBJC_ARC = YES;
				CLANG_WARN_BOOL_CONVERSION = YES;
				CLANG_WARN_CONSTANT_CONVERSION = YES;
				CLANG_WARN_DIRECT_OBJC_ISA_USAGE = YES_ERROR;
				CLANG_WARN_DOCUMENTATION_COMMENTS = YES;
				CLANG_WARN_EMPTY_BODY = YES;
				CLANG_WARN_ENUM_CONVERSION = YES;
				CLANG_WARN_INFINITE_RECURSION = YES;
				CLANG_WARN_INT_CONVERSION = YES;
				CLANG_WARN_OBJC_ROOT_CLASS = YES_ERROR;
				CLANG_WARN_SUSPICIOUS_MOVE = YES;
				CLANG_WARN_UNREACHABLE_CODE = YES;
				CLANG_WARN__DUPLICATE_METHOD_MATCH = YES;
				"CODE_SIGN_IDENTITY[sdk=iphoneos*]" = "iPhone Developer";
				COPY_PHASE_STRIP = NO;
				DEBUG_INFORMATION_FORMAT = "dwarf-with-dsym";
				ENABLE_NS_ASSERTIONS = NO;
				ENABLE_STRICT_OBJC_MSGSEND = YES;
				GCC_C_LANGUAGE_STANDARD = gnu99;
				GCC_NO_COMMON_BLOCKS = YES;
				GCC_WARN_64_TO_32_BIT_CONVERSION = YES;
				GCC_WARN_ABOUT_RETURN_TYPE = YES_ERROR;
				GCC_WARN_UNDECLARED_SELECTOR = YES;
				GCC_WARN_UNINITIALIZED_AUTOS = YES_AGGRESSIVE;
				GCC_WARN_UNUSED_FUNCTION = YES;
				GCC_WARN_UNUSED_VARIABLE = YES;
				IPHONEOS_DEPLOYMENT_TARGET = 10.3;
				MTL_ENABLE_DEBUG_INFO = NO;
				SDKROOT = iphoneos;
				VALIDATE_PRODUCT = YES;
			};
			name = Release;
		};
		0DCD70CC1EF0C2DE00465EE4 /* Debug */ = {
			isa = XCBuildConfiguration;
			buildSettings = {
				ASSETCATALOG_COMPILER_APPICON_NAME = AppIcon;
				DEVELOPMENT_TEAM = QH4TTR4YZE;
				INFOPLIST_FILE = TestTag/Info.plist;
				IPHONEOS_DEPLOYMENT_TARGET = 8.0;
				LD_RUNPATH_SEARCH_PATHS = "$(inherited) @executable_path/Frameworks";
				PRODUCT_BUNDLE_IDENTIFIER = com.yueyue.yodoo.TestTag;
				PRODUCT_NAME = "$(TARGET_NAME)";
			};
			name = Debug;
		};
		0DCD70CD1EF0C2DE00465EE4 /* Release */ = {
			isa = XCBuildConfiguration;
			buildSettings = {
				ASSETCATALOG_COMPILER_APPICON_NAME = AppIcon;
				DEVELOPMENT_TEAM = QH4TTR4YZE;
				INFOPLIST_FILE = TestTag/Info.plist;
				IPHONEOS_DEPLOYMENT_TARGET = 8.0;
				LD_RUNPATH_SEARCH_PATHS = "$(inherited) @executable_path/Frameworks";
				PRODUCT_BUNDLE_IDENTIFIER = com.yueyue.yodoo.TestTag;
				PRODUCT_NAME = "$(TARGET_NAME)";
			};
			name = Release;
		};
		0DCD70CF1EF0C2DE00465EE4 /* Debug */ = {
			isa = XCBuildConfiguration;
			buildSettings = {
				BUNDLE_LOADER = "$(TEST_HOST)";
				DEVELOPMENT_TEAM = 9F24JF9PY6;
				INFOPLIST_FILE = TestTagTests/Info.plist;
				LD_RUNPATH_SEARCH_PATHS = "$(inherited) @executable_path/Frameworks @loader_path/Frameworks";
				PRODUCT_BUNDLE_IDENTIFIER = com.yueyue.yodoo.TestTagTests;
				PRODUCT_NAME = "$(TARGET_NAME)";
				TEST_HOST = "$(BUILT_PRODUCTS_DIR)/TestTag.app/TestTag";
			};
			name = Debug;
		};
		0DCD70D01EF0C2DE00465EE4 /* Release */ = {
			isa = XCBuildConfiguration;
			buildSettings = {
				BUNDLE_LOADER = "$(TEST_HOST)";
				DEVELOPMENT_TEAM = 9F24JF9PY6;
				INFOPLIST_FILE = TestTagTests/Info.plist;
				LD_RUNPATH_SEARCH_PATHS = "$(inherited) @executable_path/Frameworks @loader_path/Frameworks";
				PRODUCT_BUNDLE_IDENTIFIER = com.yueyue.yodoo.TestTagTests;
				PRODUCT_NAME = "$(TARGET_NAME)";
				TEST_HOST = "$(BUILT_PRODUCTS_DIR)/TestTag.app/TestTag";
			};
			name = Release;
		};
		0DCD70D21EF0C2DE00465EE4 /* Debug */ = {
			isa = XCBuildConfiguration;
			buildSettings = {
				DEVELOPMENT_TEAM = 9F24JF9PY6;
				INFOPLIST_FILE = TestTagUITests/Info.plist;
				LD_RUNPATH_SEARCH_PATHS = "$(inherited) @executable_path/Frameworks @loader_path/Frameworks";
				PRODUCT_BUNDLE_IDENTIFIER = com.yueyue.yodoo.TestTagUITests;
				PRODUCT_NAME = "$(TARGET_NAME)";
				TEST_TARGET_NAME = TestTag;
			};
			name = Debug;
		};
		0DCD70D31EF0C2DE00465EE4 /* Release */ = {
			isa = XCBuildConfiguration;
			buildSettings = {
				DEVELOPMENT_TEAM = 9F24JF9PY6;
				INFOPLIST_FILE = TestTagUITests/Info.plist;
				LD_RUNPATH_SEARCH_PATHS = "$(inherited) @executable_path/Frameworks @loader_path/Frameworks";
				PRODUCT_BUNDLE_IDENTIFIER = com.yueyue.yodoo.TestTagUITests;
				PRODUCT_NAME = "$(TARGET_NAME)";
				TEST_TARGET_NAME = TestTag;
			};
			name = Release;
		};
/* End XCBuildConfiguration section */

/* Begin XCConfigurationList section */
		0DCD70991EF0C2DE00465EE4 /* Build configuration list for PBXProject "TestTag" */ = {
			isa = XCConfigurationList;
			buildConfigurations = (
				0DCD70C91EF0C2DE00465EE4 /* Debug */,
				0DCD70CA1EF0C2DE00465EE4 /* Release */,
			);
			defaultConfigurationIsVisible = 0;
			defaultConfigurationName = Release;
		};
		0DCD70CB1EF0C2DE00465EE4 /* Build configuration list for PBXNativeTarget "TestTag" */ = {
			isa = XCConfigurationList;
			buildConfigurations = (
				0DCD70CC1EF0C2DE00465EE4 /* Debug */,
				0DCD70CD1EF0C2DE00465EE4 /* Release */,
			);
			defaultConfigurationIsVisible = 0;
			defaultConfigurationName = Release;
		};
		0DCD70CE1EF0C2DE00465EE4 /* Build configuration list for PBXNativeTarget "TestTagTests" */ = {
			isa = XCConfigurationList;
			buildConfigurations = (
				0DCD70CF1EF0C2DE00465EE4 /* Debug */,
				0DCD70D01EF0C2DE00465EE4 /* Release */,
			);
			defaultConfigurationIsVisible = 0;
			defaultConfigurationName = Release;
		};
		0DCD70D11EF0C2DE00465EE4 /* Build configuration list for PBXNativeTarget "TestTagUITests" */ = {
			isa = XCConfigurationList;
			buildConfigurations = (
				0DCD70D21EF0C2DE00465EE4 /* Debug */,
				0DCD70D31EF0C2DE00465EE4 /* Release */,
			);
			defaultConfigurationIsVisible = 0;
			defaultConfigurationName = Release;
		};
/* End XCConfigurationList section */
	};
	rootObject = 0DCD70961EF0C2DE00465EE4 /* Project object */;
}
